
Microsoft Visual Studio Solution File, Format Version 12.00
# Visual Studio 2012
Project("{FAE04EC0-301F-11D3-BF4B-00C04F79EFBC}") = "wahdvlib", "wahdvlib\wahdvlib.csproj", "{7806D6A1-6223-462F-973A-2A1B98DAF10E}"
EndProject
Project("{FAE04EC0-301F-11D3-BF4B-00C04F79EFBC}") = "WAHDV", "..\WAHDV\WAHDV\WAHDV.csproj", "{C39BED7F-BDC7-4192-A3FA-0904B8BDFBC8}"
EndProject
Global
	GlobalSection(SolutionConfigurationPlatforms) = preSolution
		Debug|Any CPU = Debug|Any CPU
		Release|Any CPU = Release|Any CPU
	EndGlobalSection
	GlobalSection(ProjectConfigurationPlatforms) = postSolution
		{7806D6A1-6223-462F-973A-2A1B98DAF10E}.Debug|Any CPU.ActiveCfg = Debug|Any CPU
		{7806D6A1-6223-462F-973A-2A1B98DAF10E}.Debug|Any CPU.Build.0 = Debug|Any CPU
		{7806D6A1-6223-462F-973A-2A1B98DAF10E}.Release|Any CPU.ActiveCfg = Release|Any CPU
		{7806D6A1-6223-462F-973A-2A1B98DAF10E}.Release|Any CPU.Build.0 = Release|Any CPU
		{C39BED7F-BDC7-4192-A3FA-0904B8BDFBC8}.Debug|Any CPU.ActiveCfg = Debug|Any CPU
		{C39BED7F-BDC7-4192-A3FA-0904B8BDFBC8}.Debug|Any CPU.Build.0 = Debug|Any CPU
		{C39BED7F-BDC7-4192-A3FA-0904B8BDFBC8}.Release|Any CPU.ActiveCfg = Release|Any CPU
		{C39BED7F-BDC7-4192-A3FA-0904B8BDFBC8}.Release|Any CPU.Build.0 = Release|Any CPU
	EndGlobalSection
	GlobalSection(SolutionProperties) = preSolution
		HideSolutionNode = FALSE
	EndGlobalSection
EndGlobal
